
Microsoft Visual Studio Solution File, Format Version 12.00
# Visual Studio Version 17
VisualStudioVersion = 17.9.34607.119
MinimumVisualStudioVersion = 10.0.40219.1
Project("{9A19103F-16F7-4668-BE54-9A1E7A4F7556}") = "BlazorCalculatorApp", "BlazorCalculatorApp.csproj", "{C0E150D9-B875-4F64-8418-008AEBAD6207}"
EndProject
Global
	GlobalSection(SolutionConfigurationPlatforms) = preSolution
		Debug|Any CPU = Debug|Any CPU
		Release|Any CPU = Release|Any CPU
	EndGlobalSection
	GlobalSection(ProjectConfigurationPlatforms) = postSolution
		{C0E150D9-B875-4F64-8418-008AEBAD6207}.Debug|Any CPU.ActiveCfg = Debug|Any CPU
		{C0E150D9-B875-4F64-8418-008AEBAD6207}.Debug|Any CPU.Build.0 = Debug|Any CPU
		{C0E150D9-B875-4F64-8418-008AEBAD6207}.Release|Any CPU.ActiveCfg = Release|Any CPU
		{C0E150D9-B875-4F64-8418-008AEBAD6207}.Release|Any CPU.Build.0 = Release|Any CPU
	EndGlobalSection
	GlobalSection(SolutionProperties) = preSolution
		HideSolutionNode = FALSE
	EndGlobalSection
	GlobalSection(ExtensibilityGlobals) = postSolution
		SolutionGuid = {642C764D-6F1F-4D91-996D-686433C69563}
	EndGlobalSection
EndGlobal
